
Microsoft Visual Studio Solution File, Format Version 12.00
# Visual Studio Version 16
VisualStudioVersion = 25.0.1700.0
MinimumVisualStudioVersion = 10.0.40219.1
Project("{FAE04EC0-301F-11D3-BF4B-00C04F79EFBC}") = "CompanyEmployees", "CompanyEmployees\CompanyEmployees.csproj", "{40FD5DAF-8A43-4F0E-84D5-F967DC06B8A6}"
EndProject
Project("{FAE04EC0-301F-11D3-BF4B-00C04F79EFBC}") = "Contracts", "Contracts\Contracts.csproj", "{FF103F85-A613-4D9A-881F-C9742FCC625C}"
EndProject
Project("{FAE04EC0-301F-11D3-BF4B-00C04F79EFBC}") = "LoggerService", "LoggerService\LoggerService.csproj", "{6281370D-7E92-4872-ADCA-9F2FE1FBD8D1}"
EndProject
Project("{FAE04EC0-301F-11D3-BF4B-00C04F79EFBC}") = "Entities", "Entities\Entities.csproj", "{3B12B5D8-FABD-4676-AA65-C6E2CD16C21D}"
EndProject
Project("{FAE04EC0-301F-11D3-BF4B-00C04F79EFBC}") = "Repository", "Repository\Repository.csproj", "{15FAAF72-0107-4697-B4F1-2CBB4F06FACC}"
EndProject
Project("{FAE04EC0-301F-11D3-BF4B-00C04F79EFBC}") = "Service.Contracts", "Service.Contracts\Service.Contracts.csproj", "{21D6DF38-D483-4C10-9BE0-999CE38EFD89}"
EndProject
Global
	GlobalSection(SolutionConfigurationPlatforms) = preSolution
		Debug|Any CPU = Debug|Any CPU
		Release|Any CPU = Release|Any CPU
	EndGlobalSection
	GlobalSection(ProjectConfigurationPlatforms) = postSolution
		{40FD5DAF-8A43-4F0E-84D5-F967DC06B8A6}.Debug|Any CPU.ActiveCfg = Debug|Any CPU
		{40FD5DAF-8A43-4F0E-84D5-F967DC06B8A6}.Debug|Any CPU.Build.0 = Debug|Any CPU
		{40FD5DAF-8A43-4F0E-84D5-F967DC06B8A6}.Release|Any CPU.ActiveCfg = Release|Any CPU
		{40FD5DAF-8A43-4F0E-84D5-F967DC06B8A6}.Release|Any CPU.Build.0 = Release|Any CPU
		{FF103F85-A613-4D9A-881F-C9742FCC625C}.Debug|Any CPU.ActiveCfg = Debug|Any CPU
		{FF103F85-A613-4D9A-881F-C9742FCC625C}.Debug|Any CPU.Build.0 = Debug|Any CPU
		{FF103F85-A613-4D9A-881F-C9742FCC625C}.Release|Any CPU.ActiveCfg = Release|Any CPU
		{FF103F85-A613-4D9A-881F-C9742FCC625C}.Release|Any CPU.Build.0 = Release|Any CPU
		{6281370D-7E92-4872-ADCA-9F2FE1FBD8D1}.Debug|Any CPU.ActiveCfg = Debug|Any CPU
		{6281370D-7E92-4872-ADCA-9F2FE1FBD8D1}.Debug|Any CPU.Build.0 = Debug|Any CPU
		{6281370D-7E92-4872-ADCA-9F2FE1FBD8D1}.Release|Any CPU.ActiveCfg = Release|Any CPU
		{6281370D-7E92-4872-ADCA-9F2FE1FBD8D1}.Release|Any CPU.Build.0 = Release|Any CPU
		{3B12B5D8-FABD-4676-AA65-C6E2CD16C21D}.Debug|Any CPU.ActiveCfg = Debug|Any CPU
		{3B12B5D8-FABD-4676-AA65-C6E2CD16C21D}.Debug|Any CPU.Build.0 = Debug|Any CPU
		{3B12B5D8-FABD-4676-AA65-C6E2CD16C21D}.Release|Any CPU.ActiveCfg = Release|Any CPU
		{3B12B5D8-FABD-4676-AA65-C6E2CD16C21D}.Release|Any CPU.Build.0 = Release|Any CPU
		{15FAAF72-0107-4697-B4F1-2CBB4F06FACC}.Debug|Any CPU.ActiveCfg = Debug|Any CPU
		{15FAAF72-0107-4697-B4F1-2CBB4F06FACC}.Debug|Any CPU.Build.0 = Debug|Any CPU
		{15FAAF72-0107-4697-B4F1-2CBB4F06FACC}.Release|Any CPU.ActiveCfg = Release|Any CPU
		{15FAAF72-0107-4697-B4F1-2CBB4F06FACC}.Release|Any CPU.Build.0 = Release|Any CPU
		{21D6DF38-D483-4C10-9BE0-999CE38EFD89}.Debug|Any CPU.ActiveCfg = Debug|Any CPU
		{21D6DF38-D483-4C10-9BE0-999CE38EFD89}.Debug|Any CPU.Build.0 = Debug|Any CPU
		{21D6DF38-D483-4C10-9BE0-999CE38EFD89}.Release|Any CPU.ActiveCfg = Release|Any CPU
		{21D6DF38-D483-4C10-9BE0-999CE38EFD89}.Release|Any CPU.Build.0 = Release|Any CPU
	EndGlobalSection
	GlobalSection(SolutionProperties) = preSolution
		HideSolutionNode = FALSE
	EndGlobalSection
	GlobalSection(ExtensibilityGlobals) = postSolution
		SolutionGuid = {8162B416-3D39-497F-BD41-7ACF5901C548}
	EndGlobalSection
EndGlobal
